
Microsoft Visual Studio Solution File, Format Version 12.00
# Visual Studio Version 16
VisualStudioVersion = 16.0.29326.143
MinimumVisualStudioVersion = 10.0.40219.1
Project("{FAE04EC0-301F-11D3-BF4B-00C04F79EFBC}") = "AmigoLoansProject", "AmigoLoansProject\AmigoLoansProject.csproj", "{BCCD8D24-7748-4BCA-970B-60ED9ADE1378}"
EndProject
Global
	GlobalSection(SolutionConfigurationPlatforms) = preSolution
		Debug|Any CPU = Debug|Any CPU
		Release|Any CPU = Release|Any CPU
	EndGlobalSection
	GlobalSection(ProjectConfigurationPlatforms) = postSolution
		{BCCD8D24-7748-4BCA-970B-60ED9ADE1378}.Debug|Any CPU.ActiveCfg = Debug|Any CPU
		{BCCD8D24-7748-4BCA-970B-60ED9ADE1378}.Debug|Any CPU.Build.0 = Debug|Any CPU
		{BCCD8D24-7748-4BCA-970B-60ED9ADE1378}.Release|Any CPU.ActiveCfg = Release|Any CPU
		{BCCD8D24-7748-4BCA-970B-60ED9ADE1378}.Release|Any CPU.Build.0 = Release|Any CPU
	EndGlobalSection
	GlobalSection(SolutionProperties) = preSolution
		HideSolutionNode = FALSE
	EndGlobalSection
	GlobalSection(ExtensibilityGlobals) = postSolution
		SolutionGuid = {61E704FE-53D0-4C76-A934-937764CC8069}
	EndGlobalSection
EndGlobal
